
Microsoft Visual Studio Solution File, Format Version 12.00
# Visual Studio Version 17
VisualStudioVersion = 17.8.34511.84
MinimumVisualStudioVersion = 10.0.40219.1
Project("{FAE04EC0-301F-11D3-BF4B-00C04F79EFBC}") = "DistributedLock-Test", "DistributedLock-Test.csproj", "{CA4C918E-305A-43E0-BBA4-DE5A5364745F}"
EndProject
Global
	GlobalSection(SolutionConfigurationPlatforms) = preSolution
		Debug|Any CPU = Debug|Any CPU
		Release|Any CPU = Release|Any CPU
	EndGlobalSection
	GlobalSection(ProjectConfigurationPlatforms) = postSolution
		{CA4C918E-305A-43E0-BBA4-DE5A5364745F}.Debug|Any CPU.ActiveCfg = Debug|Any CPU
		{CA4C918E-305A-43E0-BBA4-DE5A5364745F}.Debug|Any CPU.Build.0 = Debug|Any CPU
		{CA4C918E-305A-43E0-BBA4-DE5A5364745F}.Release|Any CPU.ActiveCfg = Release|Any CPU
		{CA4C918E-305A-43E0-BBA4-DE5A5364745F}.Release|Any CPU.Build.0 = Release|Any CPU
	EndGlobalSection
	GlobalSection(SolutionProperties) = preSolution
		HideSolutionNode = FALSE
	EndGlobalSection
EndGlobal
